
Microsoft Visual Studio Solution File, Format Version 12.00
# Visual Studio Version 17
VisualStudioVersion = 17.0.31912.275
MinimumVisualStudioVersion = 10.0.40219.1
Project("{FAE04EC0-301F-11D3-BF4B-00C04F79EFBC}") = "PointOfSale", "PointOfSale\PointOfSale.csproj", "{DAE2F87A-C5D7-427E-8F62-ABECDDA45716}"
EndProject
Project("{FAE04EC0-301F-11D3-BF4B-00C04F79EFBC}") = "POS", "POS\POS.csproj", "{2BAEB6C2-42F5-40B8-A171-1B36AF64F42B}"
EndProject
Global
	GlobalSection(SolutionConfigurationPlatforms) = preSolution
		Debug|Any CPU = Debug|Any CPU
		Release|Any CPU = Release|Any CPU
	EndGlobalSection
	GlobalSection(ProjectConfigurationPlatforms) = postSolution
		{DAE2F87A-C5D7-427E-8F62-ABECDDA45716}.Debug|Any CPU.ActiveCfg = Debug|Any CPU
		{DAE2F87A-C5D7-427E-8F62-ABECDDA45716}.Debug|Any CPU.Build.0 = Debug|Any CPU
		{DAE2F87A-C5D7-427E-8F62-ABECDDA45716}.Release|Any CPU.ActiveCfg = Release|Any CPU
		{DAE2F87A-C5D7-427E-8F62-ABECDDA45716}.Release|Any CPU.Build.0 = Release|Any CPU
		{2BAEB6C2-42F5-40B8-A171-1B36AF64F42B}.Debug|Any CPU.ActiveCfg = Debug|Any CPU
		{2BAEB6C2-42F5-40B8-A171-1B36AF64F42B}.Debug|Any CPU.Build.0 = Debug|Any CPU
		{2BAEB6C2-42F5-40B8-A171-1B36AF64F42B}.Release|Any CPU.ActiveCfg = Release|Any CPU
		{2BAEB6C2-42F5-40B8-A171-1B36AF64F42B}.Release|Any CPU.Build.0 = Release|Any CPU
	EndGlobalSection
	GlobalSection(SolutionProperties) = preSolution
		HideSolutionNode = FALSE
	EndGlobalSection
	GlobalSection(ExtensibilityGlobals) = postSolution
		SolutionGuid = {7542ED64-F895-4432-9A97-1BF65FCA0839}
	EndGlobalSection
EndGlobal
